
Microsoft Visual Studio Solution File, Format Version 12.00
# Visual Studio Version 17
VisualStudioVersion = 17.7.34202.233
MinimumVisualStudioVersion = 10.0.40219.1
Project("{FAE04EC0-301F-11D3-BF4B-00C04F79EFBC}") = "Stock", "Stock\Stock.csproj", "{0512B9A1-1DC1-4CA7-B10F-FCDB544D14FD}"
EndProject
Global
	GlobalSection(SolutionConfigurationPlatforms) = preSolution
		Debug|Any CPU = Debug|Any CPU
		Release|Any CPU = Release|Any CPU
	EndGlobalSection
	GlobalSection(ProjectConfigurationPlatforms) = postSolution
		{0512B9A1-1DC1-4CA7-B10F-FCDB544D14FD}.Debug|Any CPU.ActiveCfg = Debug|Any CPU
		{0512B9A1-1DC1-4CA7-B10F-FCDB544D14FD}.Debug|Any CPU.Build.0 = Debug|Any CPU
		{0512B9A1-1DC1-4CA7-B10F-FCDB544D14FD}.Release|Any CPU.ActiveCfg = Release|Any CPU
		{0512B9A1-1DC1-4CA7-B10F-FCDB544D14FD}.Release|Any CPU.Build.0 = Release|Any CPU
	EndGlobalSection
	GlobalSection(SolutionProperties) = preSolution
		HideSolutionNode = FALSE
	EndGlobalSection
	GlobalSection(ExtensibilityGlobals) = postSolution
		SolutionGuid = {6E7F7D84-ED75-4081-8E00-2BAC9D81019D}
	EndGlobalSection
EndGlobal
