
Microsoft Visual Studio Solution File, Format Version 12.00
# Visual Studio Version 17
VisualStudioVersion = 17.7.34202.233
MinimumVisualStudioVersion = 10.0.40219.1
Project("{9A19103F-16F7-4668-BE54-9A1E7A4F7556}") = "Stock", "Stock.csproj", "{CE92EBC7-A0A6-45BF-BF09-F59B3738C2E9}"
EndProject
Project("{9A19103F-16F7-4668-BE54-9A1E7A4F7556}") = "Data_Stock", "..\Data_Stock\Data_Stock.csproj", "{49B7971D-37CD-4E5E-82E7-C7CA55FA8AC6}"
EndProject
<<<<<<< HEAD
Project("{9A19103F-16F7-4668-BE54-9A1E7A4F7556}") = "Sevices_Stock", "..\Sevices_Stock\Sevices_Stock.csproj", "{8F671DEF-998D-46D3-B318-AC9E64B49DBE}"
=======
Project("{FAE04EC0-301F-11D3-BF4B-00C04F79EFBC}") = "Sevices_Stock", "..\Sevices_Stock\Sevices_Stock.csproj", "{8F671DEF-998D-46D3-B318-AC9E64B49DBE}"
>>>>>>> ed517083de3ce8178df845625da8ce3d31afa789
EndProject
Global
	GlobalSection(SolutionConfigurationPlatforms) = preSolution
		Debug|Any CPU = Debug|Any CPU
		Release|Any CPU = Release|Any CPU
	EndGlobalSection
	GlobalSection(ProjectConfigurationPlatforms) = postSolution
		{CE92EBC7-A0A6-45BF-BF09-F59B3738C2E9}.Debug|Any CPU.ActiveCfg = Debug|Any CPU
		{CE92EBC7-A0A6-45BF-BF09-F59B3738C2E9}.Debug|Any CPU.Build.0 = Debug|Any CPU
		{CE92EBC7-A0A6-45BF-BF09-F59B3738C2E9}.Release|Any CPU.ActiveCfg = Release|Any CPU
		{CE92EBC7-A0A6-45BF-BF09-F59B3738C2E9}.Release|Any CPU.Build.0 = Release|Any CPU
		{49B7971D-37CD-4E5E-82E7-C7CA55FA8AC6}.Debug|Any CPU.ActiveCfg = Debug|Any CPU
		{49B7971D-37CD-4E5E-82E7-C7CA55FA8AC6}.Debug|Any CPU.Build.0 = Debug|Any CPU
		{49B7971D-37CD-4E5E-82E7-C7CA55FA8AC6}.Release|Any CPU.ActiveCfg = Release|Any CPU
		{49B7971D-37CD-4E5E-82E7-C7CA55FA8AC6}.Release|Any CPU.Build.0 = Release|Any CPU
		{8F671DEF-998D-46D3-B318-AC9E64B49DBE}.Debug|Any CPU.ActiveCfg = Debug|Any CPU
		{8F671DEF-998D-46D3-B318-AC9E64B49DBE}.Debug|Any CPU.Build.0 = Debug|Any CPU
		{8F671DEF-998D-46D3-B318-AC9E64B49DBE}.Release|Any CPU.ActiveCfg = Release|Any CPU
		{8F671DEF-998D-46D3-B318-AC9E64B49DBE}.Release|Any CPU.Build.0 = Release|Any CPU
	EndGlobalSection
	GlobalSection(SolutionProperties) = preSolution
		HideSolutionNode = FALSE
	EndGlobalSection
	GlobalSection(ExtensibilityGlobals) = postSolution
		SolutionGuid = {AD89C2B6-A8FD-4BD2-A97B-91314FAD39AF}
	EndGlobalSection
EndGlobal
